
Microsoft Visual Studio Solution File, Format Version 12.00
# Visual Studio Version 17
VisualStudioVersion = 17.2.34031.104
MinimumVisualStudioVersion = 10.0.40219.1
Project("{FAE04EC0-301F-11D3-BF4B-00C04F79EFBC}") = "eTickets", "eTickets\eTickets.csproj", "{94DD9586-6FE4-4E4E-AB06-E64A2AD4FC70}"
EndProject
Global
	GlobalSection(SolutionConfigurationPlatforms) = preSolution
		Debug|Any CPU = Debug|Any CPU
		Release|Any CPU = Release|Any CPU
	EndGlobalSection
	GlobalSection(ProjectConfigurationPlatforms) = postSolution
		{94DD9586-6FE4-4E4E-AB06-E64A2AD4FC70}.Debug|Any CPU.ActiveCfg = Debug|Any CPU
		{94DD9586-6FE4-4E4E-AB06-E64A2AD4FC70}.Debug|Any CPU.Build.0 = Debug|Any CPU
		{94DD9586-6FE4-4E4E-AB06-E64A2AD4FC70}.Release|Any CPU.ActiveCfg = Release|Any CPU
		{94DD9586-6FE4-4E4E-AB06-E64A2AD4FC70}.Release|Any CPU.Build.0 = Release|Any CPU
	EndGlobalSection
	GlobalSection(SolutionProperties) = preSolution
		HideSolutionNode = FALSE
	EndGlobalSection
	GlobalSection(ExtensibilityGlobals) = postSolution
		SolutionGuid = {14B7FFF4-60BA-4A67-8F2E-4D1096981D59}
	EndGlobalSection
EndGlobal
